// !$*UTF8*$!
{
	archiveVersion = 1;
	classes = {
	};
	objectVersion = 50;
	objects = {

/* Begin PBXBuildFile section */
		3B3C025621BFFE2F0063BC97 /* PlansForSomeDayViewController.swift in Sources */ = {isa = PBXBuildFile; fileRef = 3B3C025521BFFE2F0063BC97 /* PlansForSomeDayViewController.swift */; };
		3B3C025821C54AF00063BC97 /* PriorityPlansTableViewCell.swift in Sources */ = {isa = PBXBuildFile; fileRef = 3B3C025721C54AF00063BC97 /* PriorityPlansTableViewCell.swift */; };
		3B3C025C21C54EB20063BC97 /* PriorityPlans.swift in Sources */ = {isa = PBXBuildFile; fileRef = 3B3C025B21C54EB20063BC97 /* PriorityPlans.swift */; };
		3B3C025E21C551310063BC97 /* AddNewPriorityViewController.swift in Sources */ = {isa = PBXBuildFile; fileRef = 3B3C025D21C551310063BC97 /* AddNewPriorityViewController.swift */; };
		3B3C026021C569EF0063BC97 /* PriorityChooseColorCollectionViewCell.swift in Sources */ = {isa = PBXBuildFile; fileRef = 3B3C025F21C569EF0063BC97 /* PriorityChooseColorCollectionViewCell.swift */; };
		3BE3764321B7A777003F05E9 /* AppDelegate.swift in Sources */ = {isa = PBXBuildFile; fileRef = 3BE3764221B7A777003F05E9 /* AppDelegate.swift */; };
		3BE3764821B7A777003F05E9 /* Main.storyboard in Resources */ = {isa = PBXBuildFile; fileRef = 3BE3764621B7A777003F05E9 /* Main.storyboard */; };
		3BE3764A21B7A779003F05E9 /* Assets.xcassets in Resources */ = {isa = PBXBuildFile; fileRef = 3BE3764921B7A779003F05E9 /* Assets.xcassets */; };
		3BE3764D21B7A779003F05E9 /* LaunchScreen.storyboard in Resources */ = {isa = PBXBuildFile; fileRef = 3BE3764B21B7A779003F05E9 /* LaunchScreen.storyboard */; };
		3BE3765521B7A809003F05E9 /* DailyPlan.swift in Sources */ = {isa = PBXBuildFile; fileRef = 3BE3765421B7A809003F05E9 /* DailyPlan.swift */; };
		3BE3765A21B7AD62003F05E9 /* WeekDay.swift in Sources */ = {isa = PBXBuildFile; fileRef = 3BE3765921B7AD62003F05E9 /* WeekDay.swift */; };
		3BE3765D21B7FB3C003F05E9 /* WeekDaysFromTabBarViewController.swift in Sources */ = {isa = PBXBuildFile; fileRef = 3BE3765C21B7FB3C003F05E9 /* WeekDaysFromTabBarViewController.swift */; };
		3BE3765F21B7FB5E003F05E9 /* OtherPlansFromTabBarViewController.swift in Sources */ = {isa = PBXBuildFile; fileRef = 3BE3765E21B7FB5E003F05E9 /* OtherPlansFromTabBarViewController.swift */; };
		3BE3766121B7FB76003F05E9 /* CalendarFromTabBarViewController.swift in Sources */ = {isa = PBXBuildFile; fileRef = 3BE3766021B7FB76003F05E9 /* CalendarFromTabBarViewController.swift */; };
		3BE3766321B7FB8E003F05E9 /* SettingsForAppFromTabBarViewController.swift in Sources */ = {isa = PBXBuildFile; fileRef = 3BE3766221B7FB8E003F05E9 /* SettingsForAppFromTabBarViewController.swift */; };
		3BE3766721B808C6003F05E9 /* MainTabBarViewController.swift in Sources */ = {isa = PBXBuildFile; fileRef = 3BE3766621B808C6003F05E9 /* MainTabBarViewController.swift */; };
		3BE3766921B81C65003F05E9 /* DaysManager.swift in Sources */ = {isa = PBXBuildFile; fileRef = 3BE3766821B81C65003F05E9 /* DaysManager.swift */; };
		3BE3766B21B9947E003F05E9 /* WeekDayTableViewCell.swift in Sources */ = {isa = PBXBuildFile; fileRef = 3BE3766A21B9947E003F05E9 /* WeekDayTableViewCell.swift */; };
		3BEFCC4221BBDC960092AA0D /* AddNewToDoViewController.swift in Sources */ = {isa = PBXBuildFile; fileRef = 3BEFCC4121BBDC960092AA0D /* AddNewToDoViewController.swift */; };
		3BEFCC4421BC167B0092AA0D /* ChooseColorCollectionViewCell.swift in Sources */ = {isa = PBXBuildFile; fileRef = 3BEFCC4321BC167B0092AA0D /* ChooseColorCollectionViewCell.swift */; };
		3BEFCC4821BD69E20092AA0D /* PlansForSomeDayTableViewCell.swift in Sources */ = {isa = PBXBuildFile; fileRef = 3BEFCC4721BD69E20092AA0D /* PlansForSomeDayTableViewCell.swift */; };
		3BFD22E021C95C29002B292D /* DateCollectionViewCell.swift in Sources */ = {isa = PBXBuildFile; fileRef = 3BFD22DF21C95C29002B292D /* DateCollectionViewCell.swift */; };
		3BFD22E221C95D3E002B292D /* CalendarVars.swift in Sources */ = {isa = PBXBuildFile; fileRef = 3BFD22E121C95D3E002B292D /* CalendarVars.swift */; };
		3BFD22E421CAA571002B292D /* PlansForSomeDayFromCalendarViewController.swift in Sources */ = {isa = PBXBuildFile; fileRef = 3BFD22E321CAA571002B292D /* PlansForSomeDayFromCalendarViewController.swift */; };
		3BFD22E621CAA661002B292D /* PlansForSomeDayFromCalendarTableViewCell.swift in Sources */ = {isa = PBXBuildFile; fileRef = 3BFD22E521CAA661002B292D /* PlansForSomeDayFromCalendarTableViewCell.swift */; };
		3BFD231721D53252002B292D /* Panton-Light.otf in Resources */ = {isa = PBXBuildFile; fileRef = 3BFD231621D53251002B292D /* Panton-Light.otf */; };
		3BFD231921D53271002B292D /* Panton-Regular.otf in Resources */ = {isa = PBXBuildFile; fileRef = 3BFD231821D53271002B292D /* Panton-Regular.otf */; };
		3BFD231B21D5327A002B292D /* Panton-Bold.otf in Resources */ = {isa = PBXBuildFile; fileRef = 3BFD231A21D5327A002B292D /* Panton-Bold.otf */; };
		3BFD231D21D53285002B292D /* PantonIconsD-Bold.otf in Resources */ = {isa = PBXBuildFile; fileRef = 3BFD231C21D53285002B292D /* PantonIconsD-Bold.otf */; };
/* End PBXBuildFile section */

/* Begin PBXFileReference section */
		3B3C025521BFFE2F0063BC97 /* PlansForSomeDayViewController.swift */ = {isa = PBXFileReference; lastKnownFileType = sourcecode.swift; path = PlansForSomeDayViewController.swift; sourceTree = "<group>"; };
		3B3C025721C54AF00063BC97 /* PriorityPlansTableViewCell.swift */ = {isa = PBXFileReference; lastKnownFileType = sourcecode.swift; path = PriorityPlansTableViewCell.swift; sourceTree = "<group>"; };
		3B3C025B21C54EB20063BC97 /* PriorityPlans.swift */ = {isa = PBXFileReference; lastKnownFileType = sourcecode.swift; path = PriorityPlans.swift; sourceTree = "<group>"; };
		3B3C025D21C551310063BC97 /* AddNewPriorityViewController.swift */ = {isa = PBXFileReference; lastKnownFileType = sourcecode.swift; path = AddNewPriorityViewController.swift; sourceTree = "<group>"; };
		3B3C025F21C569EF0063BC97 /* PriorityChooseColorCollectionViewCell.swift */ = {isa = PBXFileReference; lastKnownFileType = sourcecode.swift; path = PriorityChooseColorCollectionViewCell.swift; sourceTree = "<group>"; };
		3BE3763F21B7A777003F05E9 /* DailyPlanner.app */ = {isa = PBXFileReference; explicitFileType = wrapper.application; includeInIndex = 0; path = DailyPlanner.app; sourceTree = BUILT_PRODUCTS_DIR; };
		3BE3764221B7A777003F05E9 /* AppDelegate.swift */ = {isa = PBXFileReference; lastKnownFileType = sourcecode.swift; path = AppDelegate.swift; sourceTree = "<group>"; };
		3BE3764721B7A777003F05E9 /* Base */ = {isa = PBXFileReference; lastKnownFileType = file.storyboard; name = Base; path = Base.lproj/Main.storyboard; sourceTree = "<group>"; };
		3BE3764921B7A779003F05E9 /* Assets.xcassets */ = {isa = PBXFileReference; lastKnownFileType = folder.assetcatalog; path = Assets.xcassets; sourceTree = "<group>"; };
		3BE3764C21B7A779003F05E9 /* Base */ = {isa = PBXFileReference; lastKnownFileType = file.storyboard; name = Base; path = Base.lproj/LaunchScreen.storyboard; sourceTree = "<group>"; };
		3BE3764E21B7A779003F05E9 /* Info.plist */ = {isa = PBXFileReference; lastKnownFileType = text.plist.xml; path = Info.plist; sourceTree = "<group>"; };
		3BE3765421B7A809003F05E9 /* DailyPlan.swift */ = {isa = PBXFileReference; lastKnownFileType = sourcecode.swift; path = DailyPlan.swift; sourceTree = "<group>"; };
		3BE3765921B7AD62003F05E9 /* WeekDay.swift */ = {isa = PBXFileReference; lastKnownFileType = sourcecode.swift; path = WeekDay.swift; sourceTree = "<group>"; };
		3BE3765C21B7FB3C003F05E9 /* WeekDaysFromTabBarViewController.swift */ = {isa = PBXFileReference; lastKnownFileType = sourcecode.swift; path = WeekDaysFromTabBarViewController.swift; sourceTree = "<group>"; };
		3BE3765E21B7FB5E003F05E9 /* OtherPlansFromTabBarViewController.swift */ = {isa = PBXFileReference; lastKnownFileType = sourcecode.swift; path = OtherPlansFromTabBarViewController.swift; sourceTree = "<group>"; };
		3BE3766021B7FB76003F05E9 /* CalendarFromTabBarViewController.swift */ = {isa = PBXFileReference; lastKnownFileType = sourcecode.swift; path = CalendarFromTabBarViewController.swift; sourceTree = "<group>"; };
		3BE3766221B7FB8E003F05E9 /* SettingsForAppFromTabBarViewController.swift */ = {isa = PBXFileReference; lastKnownFileType = sourcecode.swift; path = SettingsForAppFromTabBarViewController.swift; sourceTree = "<group>"; };
		3BE3766621B808C6003F05E9 /* MainTabBarViewController.swift */ = {isa = PBXFileReference; lastKnownFileType = sourcecode.swift; path = MainTabBarViewController.swift; sourceTree = "<group>"; };
		3BE3766821B81C65003F05E9 /* DaysManager.swift */ = {isa = PBXFileReference; lastKnownFileType = sourcecode.swift; path = DaysManager.swift; sourceTree = "<group>"; };
		3BE3766A21B9947E003F05E9 /* WeekDayTableViewCell.swift */ = {isa = PBXFileReference; lastKnownFileType = sourcecode.swift; path = WeekDayTableViewCell.swift; sourceTree = "<group>"; };
		3BEFCC4121BBDC960092AA0D /* AddNewToDoViewController.swift */ = {isa = PBXFileReference; lastKnownFileType = sourcecode.swift; path = AddNewToDoViewController.swift; sourceTree = "<group>"; };
		3BEFCC4321BC167B0092AA0D /* ChooseColorCollectionViewCell.swift */ = {isa = PBXFileReference; lastKnownFileType = sourcecode.swift; path = ChooseColorCollectionViewCell.swift; sourceTree = "<group>"; };
		3BEFCC4721BD69E20092AA0D /* PlansForSomeDayTableViewCell.swift */ = {isa = PBXFileReference; lastKnownFileType = sourcecode.swift; path = PlansForSomeDayTableViewCell.swift; sourceTree = "<group>"; };
		3BFD22DF21C95C29002B292D /* DateCollectionViewCell.swift */ = {isa = PBXFileReference; lastKnownFileType = sourcecode.swift; path = DateCollectionViewCell.swift; sourceTree = "<group>"; };
		3BFD22E121C95D3E002B292D /* CalendarVars.swift */ = {isa = PBXFileReference; lastKnownFileType = sourcecode.swift; path = CalendarVars.swift; sourceTree = "<group>"; };
		3BFD22E321CAA571002B292D /* PlansForSomeDayFromCalendarViewController.swift */ = {isa = PBXFileReference; lastKnownFileType = sourcecode.swift; path = PlansForSomeDayFromCalendarViewController.swift; sourceTree = "<group>"; };
		3BFD22E521CAA661002B292D /* PlansForSomeDayFromCalendarTableViewCell.swift */ = {isa = PBXFileReference; lastKnownFileType = sourcecode.swift; path = PlansForSomeDayFromCalendarTableViewCell.swift; sourceTree = "<group>"; };
		3BFD231621D53251002B292D /* Panton-Light.otf */ = {isa = PBXFileReference; lastKnownFileType = file; path = "Panton-Light.otf"; sourceTree = "<group>"; };
		3BFD231821D53271002B292D /* Panton-Regular.otf */ = {isa = PBXFileReference; lastKnownFileType = file; path = "Panton-Regular.otf"; sourceTree = "<group>"; };
		3BFD231A21D5327A002B292D /* Panton-Bold.otf */ = {isa = PBXFileReference; lastKnownFileType = file; path = "Panton-Bold.otf"; sourceTree = "<group>"; };
		3BFD231C21D53285002B292D /* PantonIconsD-Bold.otf */ = {isa = PBXFileReference; lastKnownFileType = file; path = "PantonIconsD-Bold.otf"; sourceTree = "<group>"; };
/* End PBXFileReference section */

/* Begin PBXFrameworksBuildPhase section */
		3BE3763C21B7A777003F05E9 /* Frameworks */ = {
			isa = PBXFrameworksBuildPhase;
			buildActionMask = 2147483647;
			files = (
			);
			runOnlyForDeploymentPostprocessing = 0;
		};
/* End PBXFrameworksBuildPhase section */

/* Begin PBXGroup section */
		3B3C026121C65F200063BC97 /* Priority */ = {
			isa = PBXGroup;
			children = (
				3B3C025721C54AF00063BC97 /* PriorityPlansTableViewCell.swift */,
				3B3C025F21C569EF0063BC97 /* PriorityChooseColorCollectionViewCell.swift */,
				3BE3765E21B7FB5E003F05E9 /* OtherPlansFromTabBarViewController.swift */,
				3B3C025D21C551310063BC97 /* AddNewPriorityViewController.swift */,
			);
			path = Priority;
			sourceTree = "<group>";
		};
		3B3C026221C65F440063BC97 /* WeekDays */ = {
			isa = PBXGroup;
			children = (
				3BEFCC4721BD69E20092AA0D /* PlansForSomeDayTableViewCell.swift */,
				3BEFCC4321BC167B0092AA0D /* ChooseColorCollectionViewCell.swift */,
				3BE3766A21B9947E003F05E9 /* WeekDayTableViewCell.swift */,
				3BEFCC4121BBDC960092AA0D /* AddNewToDoViewController.swift */,
				3B3C025521BFFE2F0063BC97 /* PlansForSomeDayViewController.swift */,
				3BE3765C21B7FB3C003F05E9 /* WeekDaysFromTabBarViewController.swift */,
			);
			path = WeekDays;
			sourceTree = "<group>";
		};
		3BE3763621B7A777003F05E9 = {
			isa = PBXGroup;
			children = (
				3BE3764121B7A777003F05E9 /* DailyPlanner */,
				3BE3764021B7A777003F05E9 /* Products */,
			);
			sourceTree = "<group>";
		};
		3BE3764021B7A777003F05E9 /* Products */ = {
			isa = PBXGroup;
			children = (
				3BE3763F21B7A777003F05E9 /* DailyPlanner.app */,
			);
			name = Products;
			sourceTree = "<group>";
		};
		3BE3764121B7A777003F05E9 /* DailyPlanner */ = {
			isa = PBXGroup;
			children = (
				3BFD231521D531C4002B292D /* Rsources */,
				3BE3764221B7A777003F05E9 /* AppDelegate.swift */,
				3BE3764621B7A777003F05E9 /* Main.storyboard */,
				3B3C026121C65F200063BC97 /* Priority */,
				3B3C026221C65F440063BC97 /* WeekDays */,
				3BE3766621B808C6003F05E9 /* MainTabBarViewController.swift */,
				3BFD22DE21C95920002B292D /* Calendar */,
				3BE3766221B7FB8E003F05E9 /* SettingsForAppFromTabBarViewController.swift */,
				3BE3764E21B7A779003F05E9 /* Info.plist */,
				3BE3765621B7ACD1003F05E9 /* Model */,
				3BE3765B21B7F99A003F05E9 /* Supported Files */,
			);
			path = DailyPlanner;
			sourceTree = "<group>";
		};
		3BE3765621B7ACD1003F05E9 /* Model */ = {
			isa = PBXGroup;
			children = (
				3BE3766821B81C65003F05E9 /* DaysManager.swift */,
				3BE3765921B7AD62003F05E9 /* WeekDay.swift */,
				3B3C025B21C54EB20063BC97 /* PriorityPlans.swift */,
				3BE3765421B7A809003F05E9 /* DailyPlan.swift */,
			);
			path = Model;
			sourceTree = "<group>";
		};
		3BE3765B21B7F99A003F05E9 /* Supported Files */ = {
			isa = PBXGroup;
			children = (
				3BE3764B21B7A779003F05E9 /* LaunchScreen.storyboard */,
				3BE3764921B7A779003F05E9 /* Assets.xcassets */,
			);
			path = "Supported Files";
			sourceTree = "<group>";
		};
		3BFD22DE21C95920002B292D /* Calendar */ = {
			isa = PBXGroup;
			children = (
				3BFD22E521CAA661002B292D /* PlansForSomeDayFromCalendarTableViewCell.swift */,
				3BFD22E321CAA571002B292D /* PlansForSomeDayFromCalendarViewController.swift */,
				3BE3766021B7FB76003F05E9 /* CalendarFromTabBarViewController.swift */,
				3BFD22E121C95D3E002B292D /* CalendarVars.swift */,
				3BFD22DF21C95C29002B292D /* DateCollectionViewCell.swift */,
			);
			path = Calendar;
			sourceTree = "<group>";
		};
		3BFD231521D531C4002B292D /* Rsources */ = {
			isa = PBXGroup;
			children = (
				3BFD231621D53251002B292D /* Panton-Light.otf */,
				3BFD231821D53271002B292D /* Panton-Regular.otf */,
				3BFD231C21D53285002B292D /* PantonIconsD-Bold.otf */,
				3BFD231A21D5327A002B292D /* Panton-Bold.otf */,
			);
			path = Rsources;
			sourceTree = "<group>";
		};
/* End PBXGroup section */

/* Begin PBXNativeTarget section */
		3BE3763E21B7A777003F05E9 /* DailyPlanner */ = {
			isa = PBXNativeTarget;
			buildConfigurationList = 3BE3765121B7A779003F05E9 /* Build configuration list for PBXNativeTarget "DailyPlanner" */;
			buildPhases = (
				3BE3763B21B7A777003F05E9 /* Sources */,
				3BE3763C21B7A777003F05E9 /* Frameworks */,
				3BE3763D21B7A777003F05E9 /* Resources */,
			);
			buildRules = (
			);
			dependencies = (
			);
			name = DailyPlanner;
			productName = DailyPlanner;
			productReference = 3BE3763F21B7A777003F05E9 /* DailyPlanner.app */;
			productType = "com.apple.product-type.application";
		};
/* End PBXNativeTarget section */

/* Begin PBXProject section */
		3BE3763721B7A777003F05E9 /* Project object */ = {
			isa = PBXProject;
			attributes = {
				LastSwiftUpdateCheck = 1010;
				LastUpgradeCheck = 1010;
				ORGANIZATIONNAME = "artyom korotkov";
				TargetAttributes = {
					3BE3763E21B7A777003F05E9 = {
						CreatedOnToolsVersion = 10.1;
					};
				};
			};
			buildConfigurationList = 3BE3763A21B7A777003F05E9 /* Build configuration list for PBXProject "DailyPlanner" */;
			compatibilityVersion = "Xcode 9.3";
			developmentRegion = en;
			hasScannedForEncodings = 0;
			knownRegions = (
				en,
				Base,
			);
			mainGroup = 3BE3763621B7A777003F05E9;
			productRefGroup = 3BE3764021B7A777003F05E9 /* Products */;
			projectDirPath = "";
			projectRoot = "";
			targets = (
				3BE3763E21B7A777003F05E9 /* DailyPlanner */,
			);
		};
/* End PBXProject section */

/* Begin PBXResourcesBuildPhase section */
		3BE3763D21B7A777003F05E9 /* Resources */ = {
			isa = PBXResourcesBuildPhase;
			buildActionMask = 2147483647;
			files = (
				3BFD231D21D53285002B292D /* PantonIconsD-Bold.otf in Resources */,
				3BFD231B21D5327A002B292D /* Panton-Bold.otf in Resources */,
				3BFD231721D53252002B292D /* Panton-Light.otf in Resources */,
				3BFD231921D53271002B292D /* Panton-Regular.otf in Resources */,
				3BE3764D21B7A779003F05E9 /* LaunchScreen.storyboard in Resources */,
				3BE3764A21B7A779003F05E9 /* Assets.xcassets in Resources */,
				3BE3764821B7A777003F05E9 /* Main.storyboard in Resources */,
			);
			runOnlyForDeploymentPostprocessing = 0;
		};
/* End PBXResourcesBuildPhase section */

/* Begin PBXSourcesBuildPhase section */
		3BE3763B21B7A777003F05E9 /* Sources */ = {
			isa = PBXSourcesBuildPhase;
			buildActionMask = 2147483647;
			files = (
				3BE3766921B81C65003F05E9 /* DaysManager.swift in Sources */,
				3B3C025821C54AF00063BC97 /* PriorityPlansTableViewCell.swift in Sources */,
				3B3C025E21C551310063BC97 /* AddNewPriorityViewController.swift in Sources */,
				3BFD22E221C95D3E002B292D /* CalendarVars.swift in Sources */,
				3BE3766121B7FB76003F05E9 /* CalendarFromTabBarViewController.swift in Sources */,
				3BE3766B21B9947E003F05E9 /* WeekDayTableViewCell.swift in Sources */,
				3BE3766721B808C6003F05E9 /* MainTabBarViewController.swift in Sources */,
				3B3C025621BFFE2F0063BC97 /* PlansForSomeDayViewController.swift in Sources */,
				3BE3764321B7A777003F05E9 /* AppDelegate.swift in Sources */,
				3BE3766321B7FB8E003F05E9 /* SettingsForAppFromTabBarViewController.swift in Sources */,
				3BEFCC4221BBDC960092AA0D /* AddNewToDoViewController.swift in Sources */,
				3BE3765D21B7FB3C003F05E9 /* WeekDaysFromTabBarViewController.swift in Sources */,
				3BE3765A21B7AD62003F05E9 /* WeekDay.swift in Sources */,
				3BEFCC4421BC167B0092AA0D /* ChooseColorCollectionViewCell.swift in Sources */,
				3BFD22E421CAA571002B292D /* PlansForSomeDayFromCalendarViewController.swift in Sources */,
				3BFD22E021C95C29002B292D /* DateCollectionViewCell.swift in Sources */,
				3BE3765F21B7FB5E003F05E9 /* OtherPlansFromTabBarViewController.swift in Sources */,
				3BE3765521B7A809003F05E9 /* DailyPlan.swift in Sources */,
				3B3C025C21C54EB20063BC97 /* PriorityPlans.swift in Sources */,
				3BEFCC4821BD69E20092AA0D /* PlansForSomeDayTableViewCell.swift in Sources */,
				3B3C026021C569EF0063BC97 /* PriorityChooseColorCollectionViewCell.swift in Sources */,
				3BFD22E621CAA661002B292D /* PlansForSomeDayFromCalendarTableViewCell.swift in Sources */,
			);
			runOnlyForDeploymentPostprocessing = 0;
		};
/* End PBXSourcesBuildPhase section */

/* Begin PBXVariantGroup section */
		3BE3764621B7A777003F05E9 /* Main.storyboard */ = {
			isa = PBXVariantGroup;
			children = (
				3BE3764721B7A777003F05E9 /* Base */,
			);
			name = Main.storyboard;
			sourceTree = "<group>";
		};
		3BE3764B21B7A779003F05E9 /* LaunchScreen.storyboard */ = {
			isa = PBXVariantGroup;
			children = (
				3BE3764C21B7A779003F05E9 /* Base */,
			);
			name = LaunchScreen.storyboard;
			sourceTree = "<group>";
		};
/* End PBXVariantGroup section */

/* Begin XCBuildConfiguration section */
		3BE3764F21B7A779003F05E9 /* Debug */ = {
			isa = XCBuildConfiguration;
			buildSettings = {
				ALWAYS_SEARCH_USER_PATHS = NO;
				CLANG_ANALYZER_NONNULL = YES;
				CLANG_ANALYZER_NUMBER_OBJECT_CONVERSION = YES_AGGRESSIVE;
				CLANG_CXX_LANGUAGE_STANDARD = "gnu++14";
				CLANG_CXX_LIBRARY = "libc++";
				CLANG_ENABLE_MODULES = YES;
				CLANG_ENABLE_OBJC_ARC = YES;
				CLANG_ENABLE_OBJC_WEAK = YES;
				CLANG_WARN_BLOCK_CAPTURE_AUTORELEASING = YES;
				CLANG_WARN_BOOL_CONVERSION = YES;
				CLANG_WARN_COMMA = YES;
				CLANG_WARN_CONSTANT_CONVERSION = YES;
				CLANG_WARN_DEPRECATED_OBJC_IMPLEMENTATIONS = YES;
				CLANG_WARN_DIRECT_OBJC_ISA_USAGE = YES_ERROR;
				CLANG_WARN_DOCUMENTATION_COMMENTS = YES;
				CLANG_WARN_EMPTY_BODY = YES;
				CLANG_WARN_ENUM_CONVERSION = YES;
				CLANG_WARN_INFINITE_RECURSION = YES;
				CLANG_WARN_INT_CONVERSION = YES;
				CLANG_WARN_NON_LITERAL_NULL_CONVERSION = YES;
				CLANG_WARN_OBJC_IMPLICIT_RETAIN_SELF = YES;
				CLANG_WARN_OBJC_LITERAL_CONVERSION = YES;
				CLANG_WARN_OBJC_ROOT_CLASS = YES_ERROR;
				CLANG_WARN_RANGE_LOOP_ANALYSIS = YES;
				CLANG_WARN_STRICT_PROTOTYPES = YES;
				CLANG_WARN_SUSPICIOUS_MOVE = YES;
				CLANG_WARN_UNGUARDED_AVAILABILITY = YES_AGGRESSIVE;
				CLANG_WARN_UNREACHABLE_CODE = YES;
				CLANG_WARN__DUPLICATE_METHOD_MATCH = YES;
				CODE_SIGN_IDENTITY = "iPhone Developer";
				COPY_PHASE_STRIP = NO;
				DEBUG_INFORMATION_FORMAT = dwarf;
				ENABLE_STRICT_OBJC_MSGSEND = YES;
				ENABLE_TESTABILITY = YES;
				GCC_C_LANGUAGE_STANDARD = gnu11;
				GCC_DYNAMIC_NO_PIC = NO;
				GCC_NO_COMMON_BLOCKS = YES;
				GCC_OPTIMIZATION_LEVEL = 0;
				GCC_PREPROCESSOR_DEFINITIONS = (
					"DEBUG=1",
					"$(inherited)",
				);
				GCC_WARN_64_TO_32_BIT_CONVERSION = YES;
				GCC_WARN_ABOUT_RETURN_TYPE = YES_ERROR;
				GCC_WARN_UNDECLARED_SELECTOR = YES;
				GCC_WARN_UNINITIALIZED_AUTOS = YES_AGGRESSIVE;
				GCC_WARN_UNUSED_FUNCTION = YES;
				GCC_WARN_UNUSED_VARIABLE = YES;
				IPHONEOS_DEPLOYMENT_TARGET = 12.1;
				MTL_ENABLE_DEBUG_INFO = INCLUDE_SOURCE;
				MTL_FAST_MATH = YES;
				ONLY_ACTIVE_ARCH = YES;
				SDKROOT = iphoneos;
				SWIFT_ACTIVE_COMPILATION_CONDITIONS = DEBUG;
				SWIFT_OPTIMIZATION_LEVEL = "-Onone";
			};
			name = Debug;
		};
		3BE3765021B7A779003F05E9 /* Release */ = {
			isa = XCBuildConfiguration;
			buildSettings = {
				ALWAYS_SEARCH_USER_PATHS = NO;
				CLANG_ANALYZER_NONNULL = YES;
				CLANG_ANALYZER_NUMBER_OBJECT_CONVERSION = YES_AGGRESSIVE;
				CLANG_CXX_LANGUAGE_STANDARD = "gnu++14";
				CLANG_CXX_LIBRARY = "libc++";
				CLANG_ENABLE_MODULES = YES;
				CLANG_ENABLE_OBJC_ARC = YES;
				CLANG_ENABLE_OBJC_WEAK = YES;
				CLANG_WARN_BLOCK_CAPTURE_AUTORELEASING = YES;
				CLANG_WARN_BOOL_CONVERSION = YES;
				CLANG_WARN_COMMA = YES;
				CLANG_WARN_CONSTANT_CONVERSION = YES;
				CLANG_WARN_DEPRECATED_OBJC_IMPLEMENTATIONS = YES;
				CLANG_WARN_DIRECT_OBJC_ISA_USAGE = YES_ERROR;
				CLANG_WARN_DOCUMENTATION_COMMENTS = YES;
				CLANG_WARN_EMPTY_BODY = YES;
				CLANG_WARN_ENUM_CONVERSION = YES;
				CLANG_WARN_INFINITE_RECURSION = YES;
				CLANG_WARN_INT_CONVERSION = YES;
				CLANG_WARN_NON_LITERAL_NULL_CONVERSION = YES;
				CLANG_WARN_OBJC_IMPLICIT_RETAIN_SELF = YES;
				CLANG_WARN_OBJC_LITERAL_CONVERSION = YES;
				CLANG_WARN_OBJC_ROOT_CLASS = YES_ERROR;
				CLANG_WARN_RANGE_LOOP_ANALYSIS = YES;
				CLANG_WARN_STRICT_PROTOTYPES = YES;
				CLANG_WARN_SUSPICIOUS_MOVE = YES;
				CLANG_WARN_UNGUARDED_AVAILABILITY = YES_AGGRESSIVE;
				CLANG_WARN_UNREACHABLE_CODE = YES;
				CLANG_WARN__DUPLICATE_METHOD_MATCH = YES;
				CODE_SIGN_IDENTITY = "iPhone Developer";
				COPY_PHASE_STRIP = NO;
				DEBUG_INFORMATION_FORMAT = "dwarf-with-dsym";
				ENABLE_NS_ASSERTIONS = NO;
				ENABLE_STRICT_OBJC_MSGSEND = YES;
				GCC_C_LANGUAGE_STANDARD = gnu11;
				GCC_NO_COMMON_BLOCKS = YES;
				GCC_WARN_64_TO_32_BIT_CONVERSION = YES;
				GCC_WARN_ABOUT_RETURN_TYPE = YES_ERROR;
				GCC_WARN_UNDECLARED_SELECTOR = YES;
				GCC_WARN_UNINITIALIZED_AUTOS = YES_AGGRESSIVE;
				GCC_WARN_UNUSED_FUNCTION = YES;
				GCC_WARN_UNUSED_VARIABLE = YES;
				IPHONEOS_DEPLOYMENT_TARGET = 12.1;
				MTL_ENABLE_DEBUG_INFO = NO;
				MTL_FAST_MATH = YES;
				SDKROOT = iphoneos;
				SWIFT_COMPILATION_MODE = wholemodule;
				SWIFT_OPTIMIZATION_LEVEL = "-O";
				VALIDATE_PRODUCT = YES;
			};
			name = Release;
		};
		3BE3765221B7A779003F05E9 /* Debug */ = {
			isa = XCBuildConfiguration;
			buildSettings = {
				ASSETCATALOG_COMPILER_APPICON_NAME = AppIcon;
				CODE_SIGN_STYLE = Automatic;
				DEVELOPMENT_TEAM = 8H9V592ULX;
				INFOPLIST_FILE = DailyPlanner/Info.plist;
				LD_RUNPATH_SEARCH_PATHS = (
					"$(inherited)",
					"@executable_path/Frameworks",
				);
				PRODUCT_BUNDLE_IDENTIFIER = com.korotkov.example.DailyPlanner;
				PRODUCT_NAME = "$(TARGET_NAME)";
				SWIFT_VERSION = 4.2;
				TARGETED_DEVICE_FAMILY = "1,2";
			};
			name = Debug;
		};
		3BE3765321B7A779003F05E9 /* Release */ = {
			isa = XCBuildConfiguration;
			buildSettings = {
				ASSETCATALOG_COMPILER_APPICON_NAME = AppIcon;
				CODE_SIGN_STYLE = Automatic;
				DEVELOPMENT_TEAM = 8H9V592ULX;
				INFOPLIST_FILE = DailyPlanner/Info.plist;
				LD_RUNPATH_SEARCH_PATHS = (
					"$(inherited)",
					"@executable_path/Frameworks",
				);
				PRODUCT_BUNDLE_IDENTIFIER = com.korotkov.example.DailyPlanner;
				PRODUCT_NAME = "$(TARGET_NAME)";
				SWIFT_VERSION = 4.2;
				TARGETED_DEVICE_FAMILY = "1,2";
			};
			name = Release;
		};
/* End XCBuildConfiguration section */

/* Begin XCConfigurationList section */
		3BE3763A21B7A777003F05E9 /* Build configuration list for PBXProject "DailyPlanner" */ = {
			isa = XCConfigurationList;
			buildConfigurations = (
				3BE3764F21B7A779003F05E9 /* Debug */,
				3BE3765021B7A779003F05E9 /* Release */,
			);
			defaultConfigurationIsVisible = 0;
			defaultConfigurationName = Release;
		};
		3BE3765121B7A779003F05E9 /* Build configuration list for PBXNativeTarget "DailyPlanner" */ = {
			isa = XCConfigurationList;
			buildConfigurations = (
				3BE3765221B7A779003F05E9 /* Debug */,
				3BE3765321B7A779003F05E9 /* Release */,
			);
			defaultConfigurationIsVisible = 0;
			defaultConfigurationName = Release;
		};
/* End XCConfigurationList section */
	};
	rootObject = 3BE3763721B7A777003F05E9 /* Project object */;
}
